// !$*UTF8*$!
{
	archiveVersion = 1;
	classes = {
	};
	objectVersion = 46;
	objects = {

/* Begin PBXBuildFile section */
		71E827B91F42937E00CEB042 /* AppDelegate.swift in Sources */ = {isa = PBXBuildFile; fileRef = 71E827B81F42937E00CEB042 /* AppDelegate.swift */; };
		71E827BB1F42937E00CEB042 /* ViewController.swift in Sources */ = {isa = PBXBuildFile; fileRef = 71E827BA1F42937E00CEB042 /* ViewController.swift */; };
		71E827BE1F42937E00CEB042 /* Main.storyboard in Resources */ = {isa = PBXBuildFile; fileRef = 71E827BC1F42937E00CEB042 /* Main.storyboard */; };
		71E827C01F42937E00CEB042 /* Assets.xcassets in Resources */ = {isa = PBXBuildFile; fileRef = 71E827BF1F42937E00CEB042 /* Assets.xcassets */; };
		71E827C31F42937E00CEB042 /* LaunchScreen.storyboard in Resources */ = {isa = PBXBuildFile; fileRef = 71E827C11F42937E00CEB042 /* LaunchScreen.storyboard */; };
		71E827CE1F42937E00CEB042 /* RActionSheetTests.swift in Sources */ = {isa = PBXBuildFile; fileRef = 71E827CD1F42937E00CEB042 /* RActionSheetTests.swift */; };
		71E827D91F42937E00CEB042 /* RActionSheetUITests.swift in Sources */ = {isa = PBXBuildFile; fileRef = 71E827D81F42937E00CEB042 /* RActionSheetUITests.swift */; };
		71E827E81F4293A000CEB042 /* RActionSheet.swift in Sources */ = {isa = PBXBuildFile; fileRef = 71E827E71F4293A000CEB042 /* RActionSheet.swift */; };
/* End PBXBuildFile section */

/* Begin PBXContainerItemProxy section */
		71E827CA1F42937E00CEB042 /* PBXContainerItemProxy */ = {
			isa = PBXContainerItemProxy;
			containerPortal = 71E827AD1F42937E00CEB042 /* Project object */;
			proxyType = 1;
			remoteGlobalIDString = 71E827B41F42937E00CEB042;
			remoteInfo = RActionSheet;
		};
		71E827D51F42937E00CEB042 /* PBXContainerItemProxy */ = {
			isa = PBXContainerItemProxy;
			containerPortal = 71E827AD1F42937E00CEB042 /* Project object */;
			proxyType = 1;
			remoteGlobalIDString = 71E827B41F42937E00CEB042;
			remoteInfo = RActionSheet;
		};
/* End PBXContainerItemProxy section */

/* Begin PBXFileReference section */
		71E827B51F42937E00CEB042 /* RActionSheet.app */ = {isa = PBXFileReference; explicitFileType = wrapper.application; includeInIndex = 0; path = RActionSheet.app; sourceTree = BUILT_PRODUCTS_DIR; };
		71E827B81F42937E00CEB042 /* AppDelegate.swift */ = {isa = PBXFileReference; lastKnownFileType = sourcecode.swift; path = AppDelegate.swift; sourceTree = "<group>"; };
		71E827BA1F42937E00CEB042 /* ViewController.swift */ = {isa = PBXFileReference; lastKnownFileType = sourcecode.swift; path = ViewController.swift; sourceTree = "<group>"; };
		71E827BD1F42937E00CEB042 /* Base */ = {isa = PBXFileReference; lastKnownFileType = file.storyboard; name = Base; path = Base.lproj/Main.storyboard; sourceTree = "<group>"; };
		71E827BF1F42937E00CEB042 /* Assets.xcassets */ = {isa = PBXFileReference; lastKnownFileType = folder.assetcatalog; path = Assets.xcassets; sourceTree = "<group>"; };
		71E827C21F42937E00CEB042 /* Base */ = {isa = PBXFileReference; lastKnownFileType = file.storyboard; name = Base; path = Base.lproj/LaunchScreen.storyboard; sourceTree = "<group>"; };
		71E827C41F42937E00CEB042 /* Info.plist */ = {isa = PBXFileReference; lastKnownFileType = text.plist.xml; path = Info.plist; sourceTree = "<group>"; };
		71E827C91F42937E00CEB042 /* RActionSheetTests.xctest */ = {isa = PBXFileReference; explicitFileType = wrapper.cfbundle; includeInIndex = 0; path = RActionSheetTests.xctest; sourceTree = BUILT_PRODUCTS_DIR; };
		71E827CD1F42937E00CEB042 /* RActionSheetTests.swift */ = {isa = PBXFileReference; lastKnownFileType = sourcecode.swift; path = RActionSheetTests.swift; sourceTree = "<group>"; };
		71E827CF1F42937E00CEB042 /* Info.plist */ = {isa = PBXFileReference; lastKnownFileType = text.plist.xml; path = Info.plist; sourceTree = "<group>"; };
		71E827D41F42937E00CEB042 /* RActionSheetUITests.xctest */ = {isa = PBXFileReference; explicitFileType = wrapper.cfbundle; includeInIndex = 0; path = RActionSheetUITests.xctest; sourceTree = BUILT_PRODUCTS_DIR; };
		71E827D81F42937E00CEB042 /* RActionSheetUITests.swift */ = {isa = PBXFileReference; lastKnownFileType = sourcecode.swift; path = RActionSheetUITests.swift; sourceTree = "<group>"; };
		71E827DA1F42937E00CEB042 /* Info.plist */ = {isa = PBXFileReference; lastKnownFileType = text.plist.xml; path = Info.plist; sourceTree = "<group>"; };
		71E827E71F4293A000CEB042 /* RActionSheet.swift */ = {isa = PBXFileReference; fileEncoding = 4; lastKnownFileType = sourcecode.swift; path = RActionSheet.swift; sourceTree = "<group>"; };
/* End PBXFileReference section */

/* Begin PBXFrameworksBuildPhase section */
		71E827B21F42937E00CEB042 /* Frameworks */ = {
			isa = PBXFrameworksBuildPhase;
			buildActionMask = 2147483647;
			files = (
			);
			runOnlyForDeploymentPostprocessing = 0;
		};
		71E827C61F42937E00CEB042 /* Frameworks */ = {
			isa = PBXFrameworksBuildPhase;
			buildActionMask = 2147483647;
			files = (
			);
			runOnlyForDeploymentPostprocessing = 0;
		};
		71E827D11F42937E00CEB042 /* Frameworks */ = {
			isa = PBXFrameworksBuildPhase;
			buildActionMask = 2147483647;
			files = (
			);
			runOnlyForDeploymentPostprocessing = 0;
		};
/* End PBXFrameworksBuildPhase section */

/* Begin PBXGroup section */
		71E827AC1F42937E00CEB042 = {
			isa = PBXGroup;
			children = (
				71E827B71F42937E00CEB042 /* RActionSheet */,
				71E827CC1F42937E00CEB042 /* RActionSheetTests */,
				71E827D71F42937E00CEB042 /* RActionSheetUITests */,
				71E827B61F42937E00CEB042 /* Products */,
			);
			sourceTree = "<group>";
		};
		71E827B61F42937E00CEB042 /* Products */ = {
			isa = PBXGroup;
			children = (
				71E827B51F42937E00CEB042 /* RActionSheet.app */,
				71E827C91F42937E00CEB042 /* RActionSheetTests.xctest */,
				71E827D41F42937E00CEB042 /* RActionSheetUITests.xctest */,
			);
			name = Products;
			sourceTree = "<group>";
		};
		71E827B71F42937E00CEB042 /* RActionSheet */ = {
			isa = PBXGroup;
			children = (
				71E827E61F42938C00CEB042 /* RActionSheet */,
				71E827B81F42937E00CEB042 /* AppDelegate.swift */,
				71E827BA1F42937E00CEB042 /* ViewController.swift */,
				71E827BC1F42937E00CEB042 /* Main.storyboard */,
				71E827BF1F42937E00CEB042 /* Assets.xcassets */,
				71E827C11F42937E00CEB042 /* LaunchScreen.storyboard */,
				71E827C41F42937E00CEB042 /* Info.plist */,
			);
			path = RActionSheet;
			sourceTree = "<group>";
		};
		71E827CC1F42937E00CEB042 /* RActionSheetTests */ = {
			isa = PBXGroup;
			children = (
				71E827CD1F42937E00CEB042 /* RActionSheetTests.swift */,
				71E827CF1F42937E00CEB042 /* Info.plist */,
			);
			path = RActionSheetTests;
			sourceTree = "<group>";
		};
		71E827D71F42937E00CEB042 /* RActionSheetUITests */ = {
			isa = PBXGroup;
			children = (
				71E827D81F42937E00CEB042 /* RActionSheetUITests.swift */,
				71E827DA1F42937E00CEB042 /* Info.plist */,
			);
			path = RActionSheetUITests;
			sourceTree = "<group>";
		};
		71E827E61F42938C00CEB042 /* RActionSheet */ = {
			isa = PBXGroup;
			children = (
				71E827E71F4293A000CEB042 /* RActionSheet.swift */,
			);
			name = RActionSheet;
			sourceTree = "<group>";
		};
/* End PBXGroup section */

/* Begin PBXNativeTarget section */
		71E827B41F42937E00CEB042 /* RActionSheet */ = {
			isa = PBXNativeTarget;
			buildConfigurationList = 71E827DD1F42937E00CEB042 /* Build configuration list for PBXNativeTarget "RActionSheet" */;
			buildPhases = (
				71E827B11F42937E00CEB042 /* Sources */,
				71E827B21F42937E00CEB042 /* Frameworks */,
				71E827B31F42937E00CEB042 /* Resources */,
			);
			buildRules = (
			);
			dependencies = (
			);
			name = RActionSheet;
			productName = RActionSheet;
			productReference = 71E827B51F42937E00CEB042 /* RActionSheet.app */;
			productType = "com.apple.product-type.application";
		};
		71E827C81F42937E00CEB042 /* RActionSheetTests */ = {
			isa = PBXNativeTarget;
			buildConfigurationList = 71E827E01F42937E00CEB042 /* Build configuration list for PBXNativeTarget "RActionSheetTests" */;
			buildPhases = (
				71E827C51F42937E00CEB042 /* Sources */,
				71E827C61F42937E00CEB042 /* Frameworks */,
				71E827C71F42937E00CEB042 /* Resources */,
			);
			buildRules = (
			);
			dependencies = (
				71E827CB1F42937E00CEB042 /* PBXTargetDependency */,
			);
			name = RActionSheetTests;
			productName = RActionSheetTests;
			productReference = 71E827C91F42937E00CEB042 /* RActionSheetTests.xctest */;
			productType = "com.apple.product-type.bundle.unit-test";
		};
		71E827D31F42937E00CEB042 /* RActionSheetUITests */ = {
			isa = PBXNativeTarget;
			buildConfigurationList = 71E827E31F42937E00CEB042 /* Build configuration list for PBXNativeTarget "RActionSheetUITests" */;
			buildPhases = (
				71E827D01F42937E00CEB042 /* Sources */,
				71E827D11F42937E00CEB042 /* Frameworks */,
				71E827D21F42937E00CEB042 /* Resources */,
			);
			buildRules = (
			);
			dependencies = (
				71E827D61F42937E00CEB042 /* PBXTargetDependency */,
			);
			name = RActionSheetUITests;
			productName = RActionSheetUITests;
			productReference = 71E827D41F42937E00CEB042 /* RActionSheetUITests.xctest */;
			productType = "com.apple.product-type.bundle.ui-testing";
		};
/* End PBXNativeTarget section */

/* Begin PBXProject section */
		71E827AD1F42937E00CEB042 /* Project object */ = {
			isa = PBXProject;
			attributes = {
				LastSwiftUpdateCheck = 0830;
				LastUpgradeCheck = 0830;
				ORGANIZATIONNAME = ray;
				TargetAttributes = {
					71E827B41F42937E00CEB042 = {
						CreatedOnToolsVersion = 8.3.3;
						DevelopmentTeam = 2NRNQ37889;
						ProvisioningStyle = Automatic;
					};
					71E827C81F42937E00CEB042 = {
						CreatedOnToolsVersion = 8.3.3;
						ProvisioningStyle = Automatic;
						TestTargetID = 71E827B41F42937E00CEB042;
					};
					71E827D31F42937E00CEB042 = {
						CreatedOnToolsVersion = 8.3.3;
						ProvisioningStyle = Automatic;
						TestTargetID = 71E827B41F42937E00CEB042;
					};
				};
			};
			buildConfigurationList = 71E827B01F42937E00CEB042 /* Build configuration list for PBXProject "RActionSheet" */;
			compatibilityVersion = "Xcode 3.2";
			developmentRegion = English;
			hasScannedForEncodings = 0;
			knownRegions = (
				en,
				Base,
			);
			mainGroup = 71E827AC1F42937E00CEB042;
			productRefGroup = 71E827B61F42937E00CEB042 /* Products */;
			projectDirPath = "";
			projectRoot = "";
			targets = (
				71E827B41F42937E00CEB042 /* RActionSheet */,
				71E827C81F42937E00CEB042 /* RActionSheetTests */,
				71E827D31F42937E00CEB042 /* RActionSheetUITests */,
			);
		};
/* End PBXProject section */

/* Begin PBXResourcesBuildPhase section */
		71E827B31F42937E00CEB042 /* Resources */ = {
			isa = PBXResourcesBuildPhase;
			buildActionMask = 2147483647;
			files = (
				71E827C31F42937E00CEB042 /* LaunchScreen.storyboard in Resources */,
				71E827C01F42937E00CEB042 /* Assets.xcassets in Resources */,
				71E827BE1F42937E00CEB042 /* Main.storyboard in Resources */,
			);
			runOnlyForDeploymentPostprocessing = 0;
		};
		71E827C71F42937E00CEB042 /* Resources */ = {
			isa = PBXResourcesBuildPhase;
			buildActionMask = 2147483647;
			files = (
			);
			runOnlyForDeploymentPostprocessing = 0;
		};
		71E827D21F42937E00CEB042 /* Resources */ = {
			isa = PBXResourcesBuildPhase;
			buildActionMask = 2147483647;
			files = (
			);
			runOnlyForDeploymentPostprocessing = 0;
		};
/* End PBXResourcesBuildPhase section */

/* Begin PBXSourcesBuildPhase section */
		71E827B11F42937E00CEB042 /* Sources */ = {
			isa = PBXSourcesBuildPhase;
			buildActionMask = 2147483647;
			files = (
				71E827BB1F42937E00CEB042 /* ViewController.swift in Sources */,
				71E827B91F42937E00CEB042 /* AppDelegate.swift in Sources */,
				71E827E81F4293A000CEB042 /* RActionSheet.swift in Sources */,
			);
			runOnlyForDeploymentPostprocessing = 0;
		};
		71E827C51F42937E00CEB042 /* Sources */ = {
			isa = PBXSourcesBuildPhase;
			buildActionMask = 2147483647;
			files = (
				71E827CE1F42937E00CEB042 /* RActionSheetTests.swift in Sources */,
			);
			runOnlyForDeploymentPostprocessing = 0;
		};
		71E827D01F42937E00CEB042 /* Sources */ = {
			isa = PBXSourcesBuildPhase;
			buildActionMask = 2147483647;
			files = (
				71E827D91F42937E00CEB042 /* RActionSheetUITests.swift in Sources */,
			);
			runOnlyForDeploymentPostprocessing = 0;
		};
/* End PBXSourcesBuildPhase section */

/* Begin PBXTargetDependency section */
		71E827CB1F42937E00CEB042 /* PBXTargetDependency */ = {
			isa = PBXTargetDependency;
			target = 71E827B41F42937E00CEB042 /* RActionSheet */;
			targetProxy = 71E827CA1F42937E00CEB042 /* PBXContainerItemProxy */;
		};
		71E827D61F42937E00CEB042 /* PBXTargetDependency */ = {
			isa = PBXTargetDependency;
			target = 71E827B41F42937E00CEB042 /* RActionSheet */;
			targetProxy = 71E827D51F42937E00CEB042 /* PBXContainerItemProxy */;
		};
/* End PBXTargetDependency section */

/* Begin PBXVariantGroup section */
		71E827BC1F42937E00CEB042 /* Main.storyboard */ = {
			isa = PBXVariantGroup;
			children = (
				71E827BD1F42937E00CEB042 /* Base */,
			);
			name = Main.storyboard;
			sourceTree = "<group>";
		};
		71E827C11F42937E00CEB042 /* LaunchScreen.storyboard */ = {
			isa = PBXVariantGroup;
			children = (
				71E827C21F42937E00CEB042 /* Base */,
			);
			name = LaunchScreen.storyboard;
			sourceTree = "<group>";
		};
/* End PBXVariantGroup section */

/* Begin XCBuildConfiguration section */
		71E827DB1F42937E00CEB042 /* Debug */ = {
			isa = XCBuildConfiguration;
			buildSettings = {
				ALWAYS_SEARCH_USER_PATHS = NO;
				CLANG_ANALYZER_NONNULL = YES;
				CLANG_ANALYZER_NUMBER_OBJECT_CONVERSION = YES_AGGRESSIVE;
				CLANG_CXX_LANGUAGE_STANDARD = "gnu++0x";
				CLANG_CXX_LIBRARY = "libc++";
				CLANG_ENABLE_MODULES = YES;
				CLANG_ENABLE_OBJC_ARC = YES;
				CLANG_WARN_BOOL_CONVERSION = YES;
				CLANG_WARN_CONSTANT_CONVERSION = YES;
				CLANG_WARN_DIRECT_OBJC_ISA_USAGE = YES_ERROR;
				CLANG_WARN_DOCUMENTATION_COMMENTS = YES;
				CLANG_WARN_EMPTY_BODY = YES;
				CLANG_WARN_ENUM_CONVERSION = YES;
				CLANG_WARN_INFINITE_RECURSION = YES;
				CLANG_WARN_INT_CONVERSION = YES;
				CLANG_WARN_OBJC_ROOT_CLASS = YES_ERROR;
				CLANG_WARN_SUSPICIOUS_MOVE = YES;
				CLANG_WARN_UNREACHABLE_CODE = YES;
				CLANG_WARN__DUPLICATE_METHOD_MATCH = YES;
				"CODE_SIGN_IDENTITY[sdk=iphoneos*]" = "iPhone Developer";
				COPY_PHASE_STRIP = NO;
				DEBUG_INFORMATION_FORMAT = dwarf;
				ENABLE_STRICT_OBJC_MSGSEND = YES;
				ENABLE_TESTABILITY = YES;
				GCC_C_LANGUAGE_STANDARD = gnu99;
				GCC_DYNAMIC_NO_PIC = NO;
				GCC_NO_COMMON_BLOCKS = YES;
				GCC_OPTIMIZATION_LEVEL = 0;
				GCC_PREPROCESSOR_DEFINITIONS = (
					"DEBUG=1",
					"$(inherited)",
				);
				GCC_WARN_64_TO_32_BIT_CONVERSION = YES;
				GCC_WARN_ABOUT_RETURN_TYPE = YES_ERROR;
				GCC_WARN_UNDECLARED_SELECTOR = YES;
				GCC_WARN_UNINITIALIZED_AUTOS = YES_AGGRESSIVE;
				GCC_WARN_UNUSED_FUNCTION = YES;
				GCC_WARN_UNUSED_VARIABLE = YES;
				IPHONEOS_DEPLOYMENT_TARGET = 10.3;
				MTL_ENABLE_DEBUG_INFO = YES;
				ONLY_ACTIVE_ARCH = YES;
				SDKROOT = iphoneos;
				SWIFT_ACTIVE_COMPILATION_CONDITIONS = DEBUG;
				SWIFT_OPTIMIZATION_LEVEL = "-Onone";
				TARGETED_DEVICE_FAMILY = "1,2";
			};
			name = Debug;
		};
		71E827DC1F42937E00CEB042 /* Release */ = {
			isa = XCBuildConfiguration;
			buildSettings = {
				ALWAYS_SEARCH_USER_PATHS = NO;
				CLANG_ANALYZER_NONNULL = YES;
				CLANG_ANALYZER_NUMBER_OBJECT_CONVERSION = YES_AGGRESSIVE;
				CLANG_CXX_LANGUAGE_STANDARD = "gnu++0x";
				CLANG_CXX_LIBRARY = "libc++";
				CLANG_ENABLE_MODULES = YES;
				CLANG_ENABLE_OBJC_ARC = YES;
				CLANG_WARN_BOOL_CONVERSION = YES;
				CLANG_WARN_CONSTANT_CONVERSION = YES;
				CLANG_WARN_DIRECT_OBJC_ISA_USAGE = YES_ERROR;
				CLANG_WARN_DOCUMENTATION_COMMENTS = YES;
				CLANG_WARN_EMPTY_BODY = YES;
				CLANG_WARN_ENUM_CONVERSION = YES;
				CLANG_WARN_INFINITE_RECURSION = YES;
				CLANG_WARN_INT_CONVERSION = YES;
				CLANG_WARN_OBJC_ROOT_CLASS = YES_ERROR;
				CLANG_WARN_SUSPICIOUS_MOVE = YES;
				CLANG_WARN_UNREACHABLE_CODE = YES;
				CLANG_WARN__DUPLICATE_METHOD_MATCH = YES;
				"CODE_SIGN_IDENTITY[sdk=iphoneos*]" = "iPhone Developer";
				COPY_PHASE_STRIP = NO;
				DEBUG_INFORMATION_FORMAT = "dwarf-with-dsym";
				ENABLE_NS_ASSERTIONS = NO;
				ENABLE_STRICT_OBJC_MSGSEND = YES;
				GCC_C_LANGUAGE_STANDARD = gnu99;
				GCC_NO_COMMON_BLOCKS = YES;
				GCC_WARN_64_TO_32_BIT_CONVERSION = YES;
				GCC_WARN_ABOUT_RETURN_TYPE = YES_ERROR;
				GCC_WARN_UNDECLARED_SELECTOR = YES;
				GCC_WARN_UNINITIALIZED_AUTOS = YES_AGGRESSIVE;
				GCC_WARN_UNUSED_FUNCTION = YES;
				GCC_WARN_UNUSED_VARIABLE = YES;
				IPHONEOS_DEPLOYMENT_TARGET = 10.3;
				MTL_ENABLE_DEBUG_INFO = NO;
				SDKROOT = iphoneos;
				SWIFT_OPTIMIZATION_LEVEL = "-Owholemodule";
				TARGETED_DEVICE_FAMILY = "1,2";
				VALIDATE_PRODUCT = YES;
			};
			name = Release;
		};
		71E827DE1F42937E00CEB042 /* Debug */ = {
			isa = XCBuildConfiguration;
			buildSettings = {
				ASSETCATALOG_COMPILER_APPICON_NAME = AppIcon;
				DEVELOPMENT_TEAM = 2NRNQ37889;
				INFOPLIST_FILE = RActionSheet/Info.plist;
				LD_RUNPATH_SEARCH_PATHS = "$(inherited) @executable_path/Frameworks";
				PRODUCT_BUNDLE_IDENTIFIER = com.ray.RAlertView.RActionSheet;
				PRODUCT_NAME = "$(TARGET_NAME)";
				SWIFT_VERSION = 3.0;
			};
			name = Debug;
		};
		71E827DF1F42937E00CEB042 /* Release */ = {
			isa = XCBuildConfiguration;
			buildSettings = {
				ASSETCATALOG_COMPILER_APPICON_NAME = AppIcon;
				DEVELOPMENT_TEAM = 2NRNQ37889;
				INFOPLIST_FILE = RActionSheet/Info.plist;
				LD_RUNPATH_SEARCH_PATHS = "$(inherited) @executable_path/Frameworks";
				PRODUCT_BUNDLE_IDENTIFIER = com.ray.RAlertView.RActionSheet;
				PRODUCT_NAME = "$(TARGET_NAME)";
				SWIFT_VERSION = 3.0;
			};
			name = Release;
		};
		71E827E11F42937E00CEB042 /* Debug */ = {
			isa = XCBuildConfiguration;
			buildSettings = {
				ALWAYS_EMBED_SWIFT_STANDARD_LIBRARIES = YES;
				BUNDLE_LOADER = "$(TEST_HOST)";
				INFOPLIST_FILE = RActionSheetTests/Info.plist;
				LD_RUNPATH_SEARCH_PATHS = "$(inherited) @executable_path/Frameworks @loader_path/Frameworks";
				PRODUCT_BUNDLE_IDENTIFIER = com.ray.RAlertView.RActionSheetTests;
				PRODUCT_NAME = "$(TARGET_NAME)";
				SWIFT_VERSION = 3.0;
				TEST_HOST = "$(BUILT_PRODUCTS_DIR)/RActionSheet.app/RActionSheet";
			};
			name = Debug;
		};
		71E827E21F42937E00CEB042 /* Release */ = {
			isa = XCBuildConfiguration;
			buildSettings = {
				ALWAYS_EMBED_SWIFT_STANDARD_LIBRARIES = YES;
				BUNDLE_LOADER = "$(TEST_HOST)";
				INFOPLIST_FILE = RActionSheetTests/Info.plist;
				LD_RUNPATH_SEARCH_PATHS = "$(inherited) @executable_path/Frameworks @loader_path/Frameworks";
				PRODUCT_BUNDLE_IDENTIFIER = com.ray.RAlertView.RActionSheetTests;
				PRODUCT_NAME = "$(TARGET_NAME)";
				SWIFT_VERSION = 3.0;
				TEST_HOST = "$(BUILT_PRODUCTS_DIR)/RActionSheet.app/RActionSheet";
			};
			name = Release;
		};
		71E827E41F42937E00CEB042 /* Debug */ = {
			isa = XCBuildConfiguration;
			buildSettings = {
				ALWAYS_EMBED_SWIFT_STANDARD_LIBRARIES = YES;
				INFOPLIST_FILE = RActionSheetUITests/Info.plist;
				LD_RUNPATH_SEARCH_PATHS = "$(inherited) @executable_path/Frameworks @loader_path/Frameworks";
				PRODUCT_BUNDLE_IDENTIFIER = com.ray.RAlertView.RActionSheetUITests;
				PRODUCT_NAME = "$(TARGET_NAME)";
				SWIFT_VERSION = 3.0;
				TEST_TARGET_NAME = RActionSheet;
			};
			name = Debug;
		};
		71E827E51F42937E00CEB042 /* Release */ = {
			isa = XCBuildConfiguration;
			buildSettings = {
				ALWAYS_EMBED_SWIFT_STANDARD_LIBRARIES = YES;
				INFOPLIST_FILE = RActionSheetUITests/Info.plist;
				LD_RUNPATH_SEARCH_PATHS = "$(inherited) @executable_path/Frameworks @loader_path/Frameworks";
				PRODUCT_BUNDLE_IDENTIFIER = com.ray.RAlertView.RActionSheetUITests;
				PRODUCT_NAME = "$(TARGET_NAME)";
				SWIFT_VERSION = 3.0;
				TEST_TARGET_NAME = RActionSheet;
			};
			name = Release;
		};
/* End XCBuildConfiguration section */

/* Begin XCConfigurationList section */
		71E827B01F42937E00CEB042 /* Build configuration list for PBXProject "RActionSheet" */ = {
			isa = XCConfigurationList;
			buildConfigurations = (
				71E827DB1F42937E00CEB042 /* Debug */,
				71E827DC1F42937E00CEB042 /* Release */,
			);
			defaultConfigurationIsVisible = 0;
			defaultConfigurationName = Release;
		};
		71E827DD1F42937E00CEB042 /* Build configuration list for PBXNativeTarget "RActionSheet" */ = {
			isa = XCConfigurationList;
			buildConfigurations = (
				71E827DE1F42937E00CEB042 /* Debug */,
				71E827DF1F42937E00CEB042 /* Release */,
			);
			defaultConfigurationIsVisible = 0;
		};
		71E827E01F42937E00CEB042 /* Build configuration list for PBXNativeTarget "RActionSheetTests" */ = {
			isa = XCConfigurationList;
			buildConfigurations = (
				71E827E11F42937E00CEB042 /* Debug */,
				71E827E21F42937E00CEB042 /* Release */,
			);
			defaultConfigurationIsVisible = 0;
		};
		71E827E31F42937E00CEB042 /* Build configuration list for PBXNativeTarget "RActionSheetUITests" */ = {
			isa = XCConfigurationList;
			buildConfigurations = (
				71E827E41F42937E00CEB042 /* Debug */,
				71E827E51F42937E00CEB042 /* Release */,
			);
			defaultConfigurationIsVisible = 0;
		};
/* End XCConfigurationList section */
	};
	rootObject = 71E827AD1F42937E00CEB042 /* Project object */;
}
